
Microsoft Visual Studio Solution File, Format Version 12.00
# Visual Studio 15
VisualStudioVersion = 15.0.26124.0
MinimumVisualStudioVersion = 15.0.26124.0
Project("{2150E333-8FDC-42A3-9474-1A3956D46DE8}") = "src", "src", "{F458AF86-4715-45A1-BFB8-B467609B5373}"
EndProject
Project("{9A19103F-16F7-4668-BE54-9A1E7A4F7556}") = "SeleniumCSharp", "src\SeleniumCSharp\SeleniumCSharp.csproj", "{AA98FF47-F281-4F9B-ADE3-A758DA4D6BCD}"
EndProject
Project("{2150E333-8FDC-42A3-9474-1A3956D46DE8}") = "Solution Items", "Solution Items", "{41D8818C-FD03-4186-9EE6-DCBF7F29AD9F}"
	ProjectSection(SolutionItems) = preProject
		README.md = README.md
	EndProjectSection
EndProject
Global
	GlobalSection(SolutionConfigurationPlatforms) = preSolution
		Debug|Any CPU = Debug|Any CPU
		Debug|x64 = Debug|x64
		Debug|x86 = Debug|x86
		Release|Any CPU = Release|Any CPU
		Release|x64 = Release|x64
		Release|x86 = Release|x86
	EndGlobalSection
	GlobalSection(ProjectConfigurationPlatforms) = postSolution
		{AA98FF47-F281-4F9B-ADE3-A758DA4D6BCD}.Debug|Any CPU.ActiveCfg = Debug|Any CPU
		{AA98FF47-F281-4F9B-ADE3-A758DA4D6BCD}.Debug|Any CPU.Build.0 = Debug|Any CPU
		{AA98FF47-F281-4F9B-ADE3-A758DA4D6BCD}.Debug|x64.ActiveCfg = Debug|Any CPU
		{AA98FF47-F281-4F9B-ADE3-A758DA4D6BCD}.Debug|x64.Build.0 = Debug|Any CPU
		{AA98FF47-F281-4F9B-ADE3-A758DA4D6BCD}.Debug|x86.ActiveCfg = Debug|Any CPU
		{AA98FF47-F281-4F9B-ADE3-A758DA4D6BCD}.Debug|x86.Build.0 = Debug|Any CPU
		{AA98FF47-F281-4F9B-ADE3-A758DA4D6BCD}.Release|Any CPU.ActiveCfg = Release|Any CPU
		{AA98FF47-F281-4F9B-ADE3-A758DA4D6BCD}.Release|Any CPU.Build.0 = Release|Any CPU
		{AA98FF47-F281-4F9B-ADE3-A758DA4D6BCD}.Release|x64.ActiveCfg = Release|Any CPU
		{AA98FF47-F281-4F9B-ADE3-A758DA4D6BCD}.Release|x64.Build.0 = Release|Any CPU
		{AA98FF47-F281-4F9B-ADE3-A758DA4D6BCD}.Release|x86.ActiveCfg = Release|Any CPU
		{AA98FF47-F281-4F9B-ADE3-A758DA4D6BCD}.Release|x86.Build.0 = Release|Any CPU
	EndGlobalSection
	GlobalSection(SolutionProperties) = preSolution
		HideSolutionNode = FALSE
	EndGlobalSection
	GlobalSection(NestedProjects) = preSolution
		{AA98FF47-F281-4F9B-ADE3-A758DA4D6BCD} = {F458AF86-4715-45A1-BFB8-B467609B5373}
	EndGlobalSection
	GlobalSection(ExtensibilityGlobals) = postSolution
		SolutionGuid = {51871AB9-8309-4F1F-89C3-BE830630FB12}
	EndGlobalSection
EndGlobal
